
Microsoft Visual Studio Solution File, Format Version 12.00
# Visual Studio Version 17
VisualStudioVersion = 17.9.34728.123
MinimumVisualStudioVersion = 10.0.40219.1
Project("{8BC9CEB8-8B4A-11D0-8D11-00A0C91BC942}") = "Data Type Conversion", "Data Type Conversion.vcxproj", "{5019E00D-3F6F-4FCB-B759-0E20F6072C97}"
EndProject
Global
	GlobalSection(SolutionConfigurationPlatforms) = preSolution
		Debug|x64 = Debug|x64
		Debug|x86 = Debug|x86
		Release|x64 = Release|x64
		Release|x86 = Release|x86
	EndGlobalSection
	GlobalSection(ProjectConfigurationPlatforms) = postSolution
		{5019E00D-3F6F-4FCB-B759-0E20F6072C97}.Debug|x64.ActiveCfg = Debug|x64
		{5019E00D-3F6F-4FCB-B759-0E20F6072C97}.Debug|x64.Build.0 = Debug|x64
		{5019E00D-3F6F-4FCB-B759-0E20F6072C97}.Debug|x86.ActiveCfg = Debug|Win32
		{5019E00D-3F6F-4FCB-B759-0E20F6072C97}.Debug|x86.Build.0 = Debug|Win32
		{5019E00D-3F6F-4FCB-B759-0E20F6072C97}.Release|x64.ActiveCfg = Release|x64
		{5019E00D-3F6F-4FCB-B759-0E20F6072C97}.Release|x64.Build.0 = Release|x64
		{5019E00D-3F6F-4FCB-B759-0E20F6072C97}.Release|x86.ActiveCfg = Release|Win32
		{5019E00D-3F6F-4FCB-B759-0E20F6072C97}.Release|x86.Build.0 = Release|Win32
	EndGlobalSection
	GlobalSection(SolutionProperties) = preSolution
		HideSolutionNode = FALSE
	EndGlobalSection
	GlobalSection(ExtensibilityGlobals) = postSolution
		SolutionGuid = {85785F25-121D-4315-9AC0-8A11A2E9D5F6}
	EndGlobalSection
EndGlobal
